
Microsoft Visual Studio Solution File, Format Version 12.00
# Visual Studio Version 17
VisualStudioVersion = 17.13.35825.156 d17.13
MinimumVisualStudioVersion = 10.0.40219.1
Project("{FAE04EC0-301F-11D3-BF4B-00C04F79EFBC}") = "Projekat_A-Prodavnica_racunarske_opreme", "Projekat_A-Prodavnica_racunarske_opreme.csproj", "{D905173E-3B38-47AC-858D-923979DFA76D}"
EndProject
Global
	GlobalSection(SolutionConfigurationPlatforms) = preSolution
		Debug|Any CPU = Debug|Any CPU
		Release|Any CPU = Release|Any CPU
	EndGlobalSection
	GlobalSection(ProjectConfigurationPlatforms) = postSolution
		{D905173E-3B38-47AC-858D-923979DFA76D}.Debug|Any CPU.ActiveCfg = Debug|Any CPU
		{D905173E-3B38-47AC-858D-923979DFA76D}.Debug|Any CPU.Build.0 = Debug|Any CPU
		{D905173E-3B38-47AC-858D-923979DFA76D}.Release|Any CPU.ActiveCfg = Release|Any CPU
		{D905173E-3B38-47AC-858D-923979DFA76D}.Release|Any CPU.Build.0 = Release|Any CPU
	EndGlobalSection
	GlobalSection(SolutionProperties) = preSolution
		HideSolutionNode = FALSE
	EndGlobalSection
	GlobalSection(ExtensibilityGlobals) = postSolution
		SolutionGuid = {FE9EA7FE-ED43-4FD1-AC5B-FE63695A6B2A}
	EndGlobalSection
EndGlobal
